// !$*UTF8*$!
{
	archiveVersion = 1;
	classes = {
	};
	objectVersion = 77;
	objects = {

/* Begin PBXBuildFile section */
		AE8855132EB853DF00CB3566 /* FirebaseAnalytics in Frameworks */ = {isa = PBXBuildFile; productRef = AE8855122EB853DF00CB3566 /* FirebaseAnalytics */; };
		AE8855152EB853DF00CB3566 /* FirebaseAnalyticsCore in Frameworks */ = {isa = PBXBuildFile; productRef = AE8855142EB853DF00CB3566 /* FirebaseAnalyticsCore */; };
		AE8855172EB853DF00CB3566 /* FirebaseAnalyticsIdentitySupport in Frameworks */ = {isa = PBXBuildFile; productRef = AE8855162EB853DF00CB3566 /* FirebaseAnalyticsIdentitySupport */; };
		AE8855192EB853DF00CB3566 /* FirebaseAppCheck in Frameworks */ = {isa = PBXBuildFile; productRef = AE8855182EB853DF00CB3566 /* FirebaseAppCheck */; };
		AE88551B2EB853DF00CB3566 /* FirebaseAppDistribution-Beta in Frameworks */ = {isa = PBXBuildFile; productRef = AE88551A2EB853DF00CB3566 /* FirebaseAppDistribution-Beta */; };
		AE88551D2EB853DF00CB3566 /* FirebaseAuth in Frameworks */ = {isa = PBXBuildFile; productRef = AE88551C2EB853DF00CB3566 /* FirebaseAuth */; };
		AE88551F2EB853DF00CB3566 /* FirebaseAuthCombine-Community in Frameworks */ = {isa = PBXBuildFile; productRef = AE88551E2EB853DF00CB3566 /* FirebaseAuthCombine-Community */; };
		AE8855212EB853DF00CB3566 /* FirebaseCore in Frameworks */ = {isa = PBXBuildFile; productRef = AE8855202EB853DF00CB3566 /* FirebaseCore */; };
		AE8855232EB853DF00CB3566 /* FirebaseCrashlytics in Frameworks */ = {isa = PBXBuildFile; productRef = AE8855222EB853DF00CB3566 /* FirebaseCrashlytics */; };
		AE8855252EB853DF00CB3566 /* FirebaseFirestore in Frameworks */ = {isa = PBXBuildFile; productRef = AE8855242EB853DF00CB3566 /* FirebaseFirestore */; };
		AE8855292EB853DF00CB3566 /* FirebaseStorage in Frameworks */ = {isa = PBXBuildFile; productRef = AE8855282EB853DF00CB3566 /* FirebaseStorage */; };
/* End PBXBuildFile section */

/* Begin PBXFileReference section */
		AE7D35692EB84345004E2892 /* Golden Armor Studio.app */ = {isa = PBXFileReference; explicitFileType = wrapper.application; includeInIndex = 0; path = "Golden Armor Studio.app"; sourceTree = BUILT_PRODUCTS_DIR; };
/* End PBXFileReference section */

/* Begin PBXFileSystemSynchronizedRootGroup section */
		AE7D356B2EB84345004E2892 /* Golden Armor Studio */ = {
			isa = PBXFileSystemSynchronizedRootGroup;
			path = "Golden Armor Studio";
			sourceTree = "<group>";
		};
/* End PBXFileSystemSynchronizedRootGroup section */

/* Begin PBXFrameworksBuildPhase section */
		AE7D35662EB84345004E2892 /* Frameworks */ = {
			isa = PBXFrameworksBuildPhase;
			buildActionMask = 2147483647;
			files = (
				AE8855192EB853DF00CB3566 /* FirebaseAppCheck in Frameworks */,
				AE88551D2EB853DF00CB3566 /* FirebaseAuth in Frameworks */,
				AE8855132EB853DF00CB3566 /* FirebaseAnalytics in Frameworks */,
				AE8855252EB853DF00CB3566 /* FirebaseFirestore in Frameworks */,
				AE88551B2EB853DF00CB3566 /* FirebaseAppDistribution-Beta in Frameworks */,
				AE8855292EB853DF00CB3566 /* FirebaseStorage in Frameworks */,
				AE8855152EB853DF00CB3566 /* FirebaseAnalyticsCore in Frameworks */,
				AE88551F2EB853DF00CB3566 /* FirebaseAuthCombine-Community in Frameworks */,
				AE8855232EB853DF00CB3566 /* FirebaseCrashlytics in Frameworks */,
				AE8855212EB853DF00CB3566 /* FirebaseCore in Frameworks */,
				AE8855172EB853DF00CB3566 /* FirebaseAnalyticsIdentitySupport in Frameworks */,
			);
			runOnlyForDeploymentPostprocessing = 0;
		};
/* End PBXFrameworksBuildPhase section */

/* Begin PBXGroup section */
		AE7D35602EB84345004E2892 = {
			isa = PBXGroup;
			children = (
				AE7D356B2EB84345004E2892 /* Golden Armor Studio */,
				AE7D356A2EB84345004E2892 /* Products */,
			);
			sourceTree = "<group>";
		};
		AE7D356A2EB84345004E2892 /* Products */ = {
			isa = PBXGroup;
			children = (
				AE7D35692EB84345004E2892 /* Golden Armor Studio.app */,
			);
			name = Products;
			sourceTree = "<group>";
		};
/* End PBXGroup section */

/* Begin PBXNativeTarget section */
		AE7D35682EB84345004E2892 /* Golden Armor Studio */ = {
			isa = PBXNativeTarget;
			buildConfigurationList = AE7D357C2EB84348004E2892 /* Build configuration list for PBXNativeTarget "Golden Armor Studio" */;
			buildPhases = (
				AE7D35652EB84345004E2892 /* Sources */,
				AE7D35662EB84345004E2892 /* Frameworks */,
				AE7D35672EB84345004E2892 /* Resources */,
			);
			buildRules = (
			);
			dependencies = (
			);
			fileSystemSynchronizedGroups = (
				AE7D356B2EB84345004E2892 /* Golden Armor Studio */,
			);
			name = "Golden Armor Studio";
			packageProductDependencies = (
				AE8855122EB853DF00CB3566 /* FirebaseAnalytics */,
				AE8855142EB853DF00CB3566 /* FirebaseAnalyticsCore */,
				AE8855162EB853DF00CB3566 /* FirebaseAnalyticsIdentitySupport */,
				AE8855182EB853DF00CB3566 /* FirebaseAppCheck */,
				AE88551A2EB853DF00CB3566 /* FirebaseAppDistribution-Beta */,
				AE88551C2EB853DF00CB3566 /* FirebaseAuth */,
				AE88551E2EB853DF00CB3566 /* FirebaseAuthCombine-Community */,
				AE8855202EB853DF00CB3566 /* FirebaseCore */,
				AE8855222EB853DF00CB3566 /* FirebaseCrashlytics */,
				AE8855242EB853DF00CB3566 /* FirebaseFirestore */,
				AE8855282EB853DF00CB3566 /* FirebaseStorage */,
			);
			productName = "Golden Armor Studio";
			productReference = AE7D35692EB84345004E2892 /* Golden Armor Studio.app */;
			productType = "com.apple.product-type.application";
		};
/* End PBXNativeTarget section */

/* Begin PBXProject section */
		AE7D35612EB84345004E2892 /* Project object */ = {
			isa = PBXProject;
			attributes = {
				BuildIndependentTargetsInParallel = 1;
				LastSwiftUpdateCheck = 2600;
				LastUpgradeCheck = 2600;
				TargetAttributes = {
					AE7D35682EB84345004E2892 = {
						CreatedOnToolsVersion = 26.0.1;
					};
				};
			};
			buildConfigurationList = AE7D35642EB84345004E2892 /* Build configuration list for PBXProject "Golden Armor Studio" */;
			developmentRegion = en;
			hasScannedForEncodings = 0;
			knownRegions = (
				en,
				Base,
			);
			mainGroup = AE7D35602EB84345004E2892;
			minimizedProjectReferenceProxies = 1;
			packageReferences = (
				AE8855112EB853DF00CB3566 /* XCRemoteSwiftPackageReference "firebase-ios-sdk" */,
			);
			preferredProjectObjectVersion = 77;
			productRefGroup = AE7D356A2EB84345004E2892 /* Products */;
			projectDirPath = "";
			projectRoot = "";
			targets = (
				AE7D35682EB84345004E2892 /* Golden Armor Studio */,
			);
		};
/* End PBXProject section */

/* Begin PBXResourcesBuildPhase section */
		AE7D35672EB84345004E2892 /* Resources */ = {
			isa = PBXResourcesBuildPhase;
			buildActionMask = 2147483647;
			files = (
			);
			runOnlyForDeploymentPostprocessing = 0;
		};
/* End PBXResourcesBuildPhase section */

/* Begin PBXSourcesBuildPhase section */
		AE7D35652EB84345004E2892 /* Sources */ = {
			isa = PBXSourcesBuildPhase;
			buildActionMask = 2147483647;
			files = (
			);
			runOnlyForDeploymentPostprocessing = 0;
		};
/* End PBXSourcesBuildPhase section */

/* Begin XCBuildConfiguration section */
		AE7D357D2EB84348004E2892 /* Debug */ = {
			isa = XCBuildConfiguration;
			buildSettings = {
				ASSETCATALOG_COMPILER_APPICON_NAME = AppIcon;
				ASSETCATALOG_COMPILER_GLOBAL_ACCENT_COLOR_NAME = AccentColor;
				CODE_SIGN_IDENTITY = "Apple Development";
				CODE_SIGN_STYLE = Automatic;
				CURRENT_PROJECT_VERSION = 1;
				DEVELOPMENT_TEAM = "";
				GENERATE_INFOPLIST_FILE = NO;
				INFOPLIST_FILE = Info.plist;
				INFOPLIST_KEY_CFBundleDisplayName = "Golden Armor Studio";
				INFOPLIST_KEY_LSApplicationCategoryType = "public.app-category.business";
				INFOPLIST_KEY_UIApplicationSupportsIndirectInputEvents = YES;
				INFOPLIST_KEY_UILaunchStoryboardName = LaunchScreen;
				INFOPLIST_KEY_UIMainStoryboardFile = Main;
				INFOPLIST_KEY_UISupportedInterfaceOrientations = UIInterfaceOrientationPortrait;
				IPHONEOS_DEPLOYMENT_TARGET = 26.0;
				LD_RUNPATH_SEARCH_PATHS = (
					"$(inherited)",
					"@executable_path/Frameworks",
				);
				MARKETING_VERSION = 1.0;
				PRODUCT_BUNDLE_IDENTIFIER = com.goldenarmorstudio;
				PRODUCT_NAME = "$(TARGET_NAME)";
				PROVISIONING_PROFILE_SPECIFIER = "";
				STRING_CATALOG_GENERATE_SYMBOLS = YES;
				SWIFT_APPROACHABLE_CONCURRENCY = YES;
				SWIFT_DEFAULT_ACTOR_ISOLATION = MainActor;
				SWIFT_EMIT_LOC_STRINGS = YES;
				SWIFT_UPCOMING_FEATURE_MEMBER_IMPORT_VISIBILITY = YES;
				SWIFT_VERSION = 5.0;
				TARGETED_DEVICE_FAMILY = "1,2";
			};
			name = Debug;
		};
		AE7D357E2EB84348004E2892 /* Release */ = {
			isa = XCBuildConfiguration;
			buildSettings = {
				ASSETCATALOG_COMPILER_APPICON_NAME = AppIcon;
				ASSETCATALOG_COMPILER_GLOBAL_ACCENT_COLOR_NAME = AccentColor;
				CODE_SIGN_IDENTITY = "Apple Development";
				CODE_SIGN_STYLE = Automatic;
				CURRENT_PROJECT_VERSION = 1;
				DEVELOPMENT_TEAM = "";
				GENERATE_INFOPLIST_FILE = NO;
				INFOPLIST_FILE = Info.plist;
				INFOPLIST_KEY_CFBundleDisplayName = "Golden Armor Studio";
				INFOPLIST_KEY_LSApplicationCategoryType = "public.app-category.business";
				INFOPLIST_KEY_UIApplicationSupportsIndirectInputEvents = YES;
				INFOPLIST_KEY_UILaunchStoryboardName = LaunchScreen;
				INFOPLIST_KEY_UIMainStoryboardFile = Main;
				INFOPLIST_KEY_UISupportedInterfaceOrientations = UIInterfaceOrientationPortrait;
				IPHONEOS_DEPLOYMENT_TARGET = 26.0;
				LD_RUNPATH_SEARCH_PATHS = (
					"$(inherited)",
					"@executable_path/Frameworks",
				);
				MARKETING_VERSION = 1.0;
				PRODUCT_BUNDLE_IDENTIFIER = com.goldenarmorstudio;
				PRODUCT_NAME = "$(TARGET_NAME)";
				PROVISIONING_PROFILE_SPECIFIER = "";
				STRING_CATALOG_GENERATE_SYMBOLS = YES;
				SWIFT_APPROACHABLE_CONCURRENCY = YES;
				SWIFT_DEFAULT_ACTOR_ISOLATION = MainActor;
				SWIFT_EMIT_LOC_STRINGS = YES;
				SWIFT_UPCOMING_FEATURE_MEMBER_IMPORT_VISIBILITY = YES;
				SWIFT_VERSION = 5.0;
				TARGETED_DEVICE_FAMILY = "1,2";
			};
			name = Release;
		};
		AE7D357F2EB84348004E2892 /* Debug */ = {
			isa = XCBuildConfiguration;
			buildSettings = {
				ALWAYS_SEARCH_USER_PATHS = NO;
				ASSETCATALOG_COMPILER_GENERATE_SWIFT_ASSET_SYMBOL_EXTENSIONS = YES;
				CLANG_ANALYZER_NONNULL = YES;
				CLANG_ANALYZER_NUMBER_OBJECT_CONVERSION = YES_AGGRESSIVE;
				CLANG_CXX_LANGUAGE_STANDARD = "gnu++20";
				CLANG_ENABLE_MODULES = YES;
				CLANG_ENABLE_OBJC_ARC = YES;
				CLANG_ENABLE_OBJC_WEAK = YES;
				CLANG_WARN_BLOCK_CAPTURE_AUTORELEASING = YES;
				CLANG_WARN_BOOL_CONVERSION = YES;
				CLANG_WARN_COMMA = YES;
				CLANG_WARN_CONSTANT_CONVERSION = YES;
				CLANG_WARN_DEPRECATED_OBJC_IMPLEMENTATIONS = YES;
				CLANG_WARN_DIRECT_OBJC_ISA_USAGE = YES_ERROR;
				CLANG_WARN_DOCUMENTATION_COMMENTS = YES;
				CLANG_WARN_EMPTY_BODY = YES;
				CLANG_WARN_ENUM_CONVERSION = YES;
				CLANG_WARN_INFINITE_RECURSION = YES;
				CLANG_WARN_INT_CONVERSION = YES;
				CLANG_WARN_NON_LITERAL_NULL_CONVERSION = YES;
				CLANG_WARN_OBJC_IMPLICIT_RETAIN_SELF = YES;
				CLANG_WARN_OBJC_LITERAL_CONVERSION = YES;
				CLANG_WARN_OBJC_ROOT_CLASS = YES_ERROR;
				CLANG_WARN_QUOTED_INCLUDE_IN_FRAMEWORK_HEADER = YES;
				CLANG_WARN_RANGE_LOOP_ANALYSIS = YES;
				CLANG_WARN_STRICT_PROTOTYPES = YES;
				CLANG_WARN_SUSPICIOUS_MOVE = YES;
				CLANG_WARN_UNGUARDED_AVAILABILITY = YES_AGGRESSIVE;
				CLANG_WARN_UNREACHABLE_CODE = YES;
				CLANG_WARN__DUPLICATE_METHOD_MATCH = YES;
				COPY_PHASE_STRIP = NO;
				DEBUG_INFORMATION_FORMAT = dwarf;
				DEVELOPMENT_TEAM = TA4HZTR7Z4;
				ENABLE_STRICT_OBJC_MSGSEND = YES;
				ENABLE_TESTABILITY = YES;
				ENABLE_USER_SCRIPT_SANDBOXING = YES;
				GCC_C_LANGUAGE_STANDARD = gnu17;
				GCC_DYNAMIC_NO_PIC = NO;
				GCC_NO_COMMON_BLOCKS = YES;
				GCC_OPTIMIZATION_LEVEL = 0;
				GCC_PREPROCESSOR_DEFINITIONS = (
					"DEBUG=1",
					"$(inherited)",
				);
				GCC_WARN_64_TO_32_BIT_CONVERSION = YES;
				GCC_WARN_ABOUT_RETURN_TYPE = YES_ERROR;
				GCC_WARN_UNDECLARED_SELECTOR = YES;
				GCC_WARN_UNINITIALIZED_AUTOS = YES_AGGRESSIVE;
				GCC_WARN_UNUSED_FUNCTION = YES;
				GCC_WARN_UNUSED_VARIABLE = YES;
				IPHONEOS_DEPLOYMENT_TARGET = 26.0;
				LOCALIZATION_PREFERS_STRING_CATALOGS = YES;
				MTL_ENABLE_DEBUG_INFO = INCLUDE_SOURCE;
				MTL_FAST_MATH = YES;
				ONLY_ACTIVE_ARCH = YES;
				SDKROOT = iphoneos;
				SWIFT_ACTIVE_COMPILATION_CONDITIONS = "DEBUG $(inherited)";
				SWIFT_OPTIMIZATION_LEVEL = "-Onone";
			};
			name = Debug;
		};
		AE7D35802EB84348004E2892 /* Release */ = {
			isa = XCBuildConfiguration;
			buildSettings = {
				ALWAYS_SEARCH_USER_PATHS = NO;
				ASSETCATALOG_COMPILER_GENERATE_SWIFT_ASSET_SYMBOL_EXTENSIONS = YES;
				CLANG_ANALYZER_NONNULL = YES;
				CLANG_ANALYZER_NUMBER_OBJECT_CONVERSION = YES_AGGRESSIVE;
				CLANG_CXX_LANGUAGE_STANDARD = "gnu++20";
				CLANG_ENABLE_MODULES = YES;
				CLANG_ENABLE_OBJC_ARC = YES;
				CLANG_ENABLE_OBJC_WEAK = YES;
				CLANG_WARN_BLOCK_CAPTURE_AUTORELEASING = YES;
				CLANG_WARN_BOOL_CONVERSION = YES;
				CLANG_WARN_COMMA = YES;
				CLANG_WARN_CONSTANT_CONVERSION = YES;
				CLANG_WARN_DEPRECATED_OBJC_IMPLEMENTATIONS = YES;
				CLANG_WARN_DIRECT_OBJC_ISA_USAGE = YES_ERROR;
				CLANG_WARN_DOCUMENTATION_COMMENTS = YES;
				CLANG_WARN_EMPTY_BODY = YES;
				CLANG_WARN_ENUM_CONVERSION = YES;
				CLANG_WARN_INFINITE_RECURSION = YES;
				CLANG_WARN_INT_CONVERSION = YES;
				CLANG_WARN_NON_LITERAL_NULL_CONVERSION = YES;
				CLANG_WARN_OBJC_IMPLICIT_RETAIN_SELF = YES;
				CLANG_WARN_OBJC_LITERAL_CONVERSION = YES;
				CLANG_WARN_OBJC_ROOT_CLASS = YES_ERROR;
				CLANG_WARN_QUOTED_INCLUDE_IN_FRAMEWORK_HEADER = YES;
				CLANG_WARN_RANGE_LOOP_ANALYSIS = YES;
				CLANG_WARN_STRICT_PROTOTYPES = YES;
				CLANG_WARN_SUSPICIOUS_MOVE = YES;
				CLANG_WARN_UNGUARDED_AVAILABILITY = YES_AGGRESSIVE;
				CLANG_WARN_UNREACHABLE_CODE = YES;
				CLANG_WARN__DUPLICATE_METHOD_MATCH = YES;
				COPY_PHASE_STRIP = NO;
				DEBUG_INFORMATION_FORMAT = "dwarf-with-dsym";
				DEVELOPMENT_TEAM = TA4HZTR7Z4;
				ENABLE_NS_ASSERTIONS = NO;
				ENABLE_STRICT_OBJC_MSGSEND = YES;
				ENABLE_USER_SCRIPT_SANDBOXING = YES;
				GCC_C_LANGUAGE_STANDARD = gnu17;
				GCC_NO_COMMON_BLOCKS = YES;
				GCC_WARN_64_TO_32_BIT_CONVERSION = YES;
				GCC_WARN_ABOUT_RETURN_TYPE = YES_ERROR;
				GCC_WARN_UNDECLARED_SELECTOR = YES;
				GCC_WARN_UNINITIALIZED_AUTOS = YES_AGGRESSIVE;
				GCC_WARN_UNUSED_FUNCTION = YES;
				GCC_WARN_UNUSED_VARIABLE = YES;
				IPHONEOS_DEPLOYMENT_TARGET = 26.0;
				LOCALIZATION_PREFERS_STRING_CATALOGS = YES;
				MTL_ENABLE_DEBUG_INFO = NO;
				MTL_FAST_MATH = YES;
				SDKROOT = iphoneos;
				SWIFT_COMPILATION_MODE = wholemodule;
				VALIDATE_PRODUCT = YES;
			};
			name = Release;
		};
/* End XCBuildConfiguration section */

/* Begin XCConfigurationList section */
		AE7D35642EB84345004E2892 /* Build configuration list for PBXProject "Golden Armor Studio" */ = {
			isa = XCConfigurationList;
			buildConfigurations = (
				AE7D357F2EB84348004E2892 /* Debug */,
				AE7D35802EB84348004E2892 /* Release */,
			);
			defaultConfigurationIsVisible = 0;
			defaultConfigurationName = Release;
		};
		AE7D357C2EB84348004E2892 /* Build configuration list for PBXNativeTarget "Golden Armor Studio" */ = {
			isa = XCConfigurationList;
			buildConfigurations = (
				AE7D357D2EB84348004E2892 /* Debug */,
				AE7D357E2EB84348004E2892 /* Release */,
			);
			defaultConfigurationIsVisible = 0;
			defaultConfigurationName = Release;
		};
/* End XCConfigurationList section */

/* Begin XCRemoteSwiftPackageReference section */
		AE8855112EB853DF00CB3566 /* XCRemoteSwiftPackageReference "firebase-ios-sdk" */ = {
			isa = XCRemoteSwiftPackageReference;
			repositoryURL = "https://github.com/firebase/firebase-ios-sdk";
			requirement = {
				kind = upToNextMajorVersion;
				minimumVersion = 12.5.0;
			};
		};
/* End XCRemoteSwiftPackageReference section */

/* Begin XCSwiftPackageProductDependency section */
		AE8855122EB853DF00CB3566 /* FirebaseAnalytics */ = {
			isa = XCSwiftPackageProductDependency;
			package = AE8855112EB853DF00CB3566 /* XCRemoteSwiftPackageReference "firebase-ios-sdk" */;
			productName = FirebaseAnalytics;
		};
		AE8855142EB853DF00CB3566 /* FirebaseAnalyticsCore */ = {
			isa = XCSwiftPackageProductDependency;
			package = AE8855112EB853DF00CB3566 /* XCRemoteSwiftPackageReference "firebase-ios-sdk" */;
			productName = FirebaseAnalyticsCore;
		};
		AE8855162EB853DF00CB3566 /* FirebaseAnalyticsIdentitySupport */ = {
			isa = XCSwiftPackageProductDependency;
			package = AE8855112EB853DF00CB3566 /* XCRemoteSwiftPackageReference "firebase-ios-sdk" */;
			productName = FirebaseAnalyticsIdentitySupport;
		};
		AE8855182EB853DF00CB3566 /* FirebaseAppCheck */ = {
			isa = XCSwiftPackageProductDependency;
			package = AE8855112EB853DF00CB3566 /* XCRemoteSwiftPackageReference "firebase-ios-sdk" */;
			productName = FirebaseAppCheck;
		};
		AE88551A2EB853DF00CB3566 /* FirebaseAppDistribution-Beta */ = {
			isa = XCSwiftPackageProductDependency;
			package = AE8855112EB853DF00CB3566 /* XCRemoteSwiftPackageReference "firebase-ios-sdk" */;
			productName = "FirebaseAppDistribution-Beta";
		};
		AE88551C2EB853DF00CB3566 /* FirebaseAuth */ = {
			isa = XCSwiftPackageProductDependency;
			package = AE8855112EB853DF00CB3566 /* XCRemoteSwiftPackageReference "firebase-ios-sdk" */;
			productName = FirebaseAuth;
		};
		AE88551E2EB853DF00CB3566 /* FirebaseAuthCombine-Community */ = {
			isa = XCSwiftPackageProductDependency;
			package = AE8855112EB853DF00CB3566 /* XCRemoteSwiftPackageReference "firebase-ios-sdk" */;
			productName = "FirebaseAuthCombine-Community";
		};
		AE8855202EB853DF00CB3566 /* FirebaseCore */ = {
			isa = XCSwiftPackageProductDependency;
			package = AE8855112EB853DF00CB3566 /* XCRemoteSwiftPackageReference "firebase-ios-sdk" */;
			productName = FirebaseCore;
		};
		AE8855222EB853DF00CB3566 /* FirebaseCrashlytics */ = {
			isa = XCSwiftPackageProductDependency;
			package = AE8855112EB853DF00CB3566 /* XCRemoteSwiftPackageReference "firebase-ios-sdk" */;
			productName = FirebaseCrashlytics;
		};
		AE8855242EB853DF00CB3566 /* FirebaseFirestore */ = {
			isa = XCSwiftPackageProductDependency;
			package = AE8855112EB853DF00CB3566 /* XCRemoteSwiftPackageReference "firebase-ios-sdk" */;
			productName = FirebaseFirestore;
		};
		AE8855282EB853DF00CB3566 /* FirebaseStorage */ = {
			isa = XCSwiftPackageProductDependency;
			package = AE8855112EB853DF00CB3566 /* XCRemoteSwiftPackageReference "firebase-ios-sdk" */;
			productName = FirebaseStorage;
		};
/* End XCSwiftPackageProductDependency section */
	};
	rootObject = AE7D35612EB84345004E2892 /* Project object */;
}
